{
  "version": 4,
  "terraform_version": "1.0.4",
  "serial": 39,
  "lineage": "14c25839-ff38-867b-6e77-0a945d11a7ba",
  "outputs": {},
  "resources": [
    {
      "mode": "managed",
      "type": "digitalocean_database_cluster",
      "name": "postgres",
      "provider": "provider[\"registry.terraform.io/digitalocean/digitalocean\"]",
      "instances": [
        {
          "schema_version": 0,
          "attributes": {
            "database": "defaultdb",
            "engine": "pg",
            "eviction_policy": null,
            "host": "postgres-cluster-do-user-6091830-0.b.db.ondigitalocean.com",
            "id": "f4aba69b-3961-4a79-8169-fcedaa2b2ff9",
            "maintenance_window": [],
            "name": "postgres-cluster",
            "node_count": 1,
            "password": "bmous532xn310gyt",
            "port": 25060,
            "private_host": "private-postgres-cluster-do-user-6091830-0.b.db.ondigitalocean.com",
            "private_network_uuid": "f0159006-fd20-4e57-8170-3149cfcbe810",
            "private_uri": "postgresql://doadmin:bmous532xn310gyt@private-postgres-cluster-do-user-6091830-0.b.db.ondigitalocean.com:25060/defaultdb?sslmode=require",
            "region": "sfo3",
            "size": "db-s-1vcpu-1gb",
            "sql_mode": null,
            "tags": [],
            "timeouts": null,
            "uri": "postgresql://doadmin:bmous532xn310gyt@postgres-cluster-do-user-6091830-0.b.db.ondigitalocean.com:25060/defaultdb?sslmode=require",
            "urn": "do:dbaas:f4aba69b-3961-4a79-8169-fcedaa2b2ff9",
            "user": "doadmin",
            "version": "11"
          },
          "sensitive_attributes": [],
          "private": "eyJlMmJmYjczMC1lY2FhLTExZTYtOGY4OC0zNDM2M2JjN2M0YzAiOnsiY3JlYXRlIjoxODAwMDAwMDAwMDAwfX0="
        }
      ]
    },
    {
      "mode": "managed",
      "type": "digitalocean_kubernetes_cluster",
      "name": "cluster",
      "provider": "provider[\"registry.terraform.io/digitalocean/digitalocean\"]",
      "instances": [
        {
          "schema_version": 3,
          "attributes": {
            "auto_upgrade": false,
            "cluster_subnet": "10.244.0.0/16",
            "created_at": "2021-08-20 20:01:03 +0000 UTC",
            "endpoint": "https://3c65cf8e-8a4d-45c5-8473-2de6a3d7b4db.k8s.ondigitalocean.com",
            "id": "3c65cf8e-8a4d-45c5-8473-2de6a3d7b4db",
            "ipv4_address": "143.198.78.234",
            "kube_config": [
              {
                "client_certificate": "",
                "client_key": "",
                "cluster_ca_certificate": "LS0tLS1CRUdJTiBDRVJUSUZJQ0FURS0tLS0tCk1JSURKekNDQWcrZ0F3SUJBZ0lDQm5Vd0RRWUpLb1pJaHZjTkFRRUxCUUF3TXpFVk1CTUdBMVVFQ2hNTVJHbG4KYVhSaGJFOWpaV0Z1TVJvd0dBWURWUVFERXhGck9ITmhZWE1nUTJ4MWMzUmxjaUJEUVRBZUZ3MHlNVEE0TWpBeQpNREF4TURkYUZ3MDBNVEE0TWpBeU1EQXhNRGRhTURNeEZUQVRCZ05WQkFvVERFUnBaMmwwWVd4UFkyVmhiakVhCk1CZ0dBMVVFQXhNUmF6aHpZV0Z6SUVOc2RYTjBaWElnUTBFd2dnRWlNQTBHQ1NxR1NJYjNEUUVCQVFVQUE0SUIKRHdBd2dnRUtBb0lCQVFDZmZmbmpGd1ZQTFFTTUxxL2orVThOM2lPRlhMMlZQN0doVG9JRnI3MUNvWGV0b2FKSgpXQi9EOGcySG55TEFCeDlKWWN5a2pUMG91eWd6UnVXcEduNWN6M3ViOStjN2V0OFMrU05VaVNiekNTTU1pZDROCml2OThNUGZMNUtaVjFJSkNGc0xscUZkYm9NN0dWNVllZ1lBbGNyWHJ0ZWVsenpOenlUeUtMMUtlT3lmTEJQQXcKN2RxT2gzQjdReDZjSGhkcStaSFN1Q1ZZZC80Nm1WRVVEUkIzdkUrWTd6TENQNDRIdy9mTDRLeXZ1ZlpweGNjaApZTUE5TW5wODkrMWFXT1ZHRDNINkRodWdsYTB0T3NXVWdIYzBGRTRSUGlqaTh4cHp2aGpzMVdreG5xTXpMZXRsCmU3dW5MSkcrUEhqd0thYmI1RVpXNHVGU3ZUQnBVQXd3UFczbkFnTUJBQUdqUlRCRE1BNEdBMVVkRHdFQi93UUUKQXdJQmhqQVNCZ05WSFJNQkFmOEVDREFHQVFIL0FnRUFNQjBHQTFVZERnUVdCQlF1ZEhRWkJBbnBiZWlGcDB4RgpBWUQvRElSZVFUQU5CZ2txaGtpRzl3MEJBUXNGQUFPQ0FRRUFHaTUrbU82Q25YOW1sODQzVlU1STBOVmNiTFdiCnJzelE3VHdwcjhkT1ZxNnlwbVd3c25tWEpUTGYxUGtrenBvUUdPaHhjNmpDZ3FKUWVVdEw2SXB5RS9rRE5jeEgKUWFTZjg0YXdjYi9WcGpiTDk4c1dVWVNoY0ttNFRML3hjOHZzRVJrSXNxQ0YvbnZ6YWM5WlBiYVFUQlpnTUZndQo2OGhHY0dpYmY3QzFEamhBWTNqVHZKdHRuTTZobldsT25nZmpma2xJTXdVOEdUT3lxd2RpVnR3RjZNZVpsejlhCnY2dmFVdk9ic1JsNTI4YmRSQkVwNDZKcWVkTVdiRUFQNUNzcW9uMVVTSCswcjNHNTJOZG5hZDhCNVpkSk9vMmIKS3BlV2t2cDk0QmRnR1ozNi9ycUJLdXlCV3Blek5vbFhSaVQxcWowdThGWm5WL1JWaVRQS2E1TEp3UT09Ci0tLS0tRU5EIENFUlRJRklDQVRFLS0tLS0K",
                "expires_at": "2021-08-27T20:06:45Z",
                "host": "https://3c65cf8e-8a4d-45c5-8473-2de6a3d7b4db.k8s.ondigitalocean.com",
                "raw_config": "apiVersion: v1\nkind: Config\nclusters:\n- cluster:\n    certificate-authority-data: LS0tLS1CRUdJTiBDRVJUSUZJQ0FURS0tLS0tCk1JSURKekNDQWcrZ0F3SUJBZ0lDQm5Vd0RRWUpLb1pJaHZjTkFRRUxCUUF3TXpFVk1CTUdBMVVFQ2hNTVJHbG4KYVhSaGJFOWpaV0Z1TVJvd0dBWURWUVFERXhGck9ITmhZWE1nUTJ4MWMzUmxjaUJEUVRBZUZ3MHlNVEE0TWpBeQpNREF4TURkYUZ3MDBNVEE0TWpBeU1EQXhNRGRhTURNeEZUQVRCZ05WQkFvVERFUnBaMmwwWVd4UFkyVmhiakVhCk1CZ0dBMVVFQXhNUmF6aHpZV0Z6SUVOc2RYTjBaWElnUTBFd2dnRWlNQTBHQ1NxR1NJYjNEUUVCQVFVQUE0SUIKRHdBd2dnRUtBb0lCQVFDZmZmbmpGd1ZQTFFTTUxxL2orVThOM2lPRlhMMlZQN0doVG9JRnI3MUNvWGV0b2FKSgpXQi9EOGcySG55TEFCeDlKWWN5a2pUMG91eWd6UnVXcEduNWN6M3ViOStjN2V0OFMrU05VaVNiekNTTU1pZDROCml2OThNUGZMNUtaVjFJSkNGc0xscUZkYm9NN0dWNVllZ1lBbGNyWHJ0ZWVsenpOenlUeUtMMUtlT3lmTEJQQXcKN2RxT2gzQjdReDZjSGhkcStaSFN1Q1ZZZC80Nm1WRVVEUkIzdkUrWTd6TENQNDRIdy9mTDRLeXZ1ZlpweGNjaApZTUE5TW5wODkrMWFXT1ZHRDNINkRodWdsYTB0T3NXVWdIYzBGRTRSUGlqaTh4cHp2aGpzMVdreG5xTXpMZXRsCmU3dW5MSkcrUEhqd0thYmI1RVpXNHVGU3ZUQnBVQXd3UFczbkFnTUJBQUdqUlRCRE1BNEdBMVVkRHdFQi93UUUKQXdJQmhqQVNCZ05WSFJNQkFmOEVDREFHQVFIL0FnRUFNQjBHQTFVZERnUVdCQlF1ZEhRWkJBbnBiZWlGcDB4RgpBWUQvRElSZVFUQU5CZ2txaGtpRzl3MEJBUXNGQUFPQ0FRRUFHaTUrbU82Q25YOW1sODQzVlU1STBOVmNiTFdiCnJzelE3VHdwcjhkT1ZxNnlwbVd3c25tWEpUTGYxUGtrenBvUUdPaHhjNmpDZ3FKUWVVdEw2SXB5RS9rRE5jeEgKUWFTZjg0YXdjYi9WcGpiTDk4c1dVWVNoY0ttNFRML3hjOHZzRVJrSXNxQ0YvbnZ6YWM5WlBiYVFUQlpnTUZndQo2OGhHY0dpYmY3QzFEamhBWTNqVHZKdHRuTTZobldsT25nZmpma2xJTXdVOEdUT3lxd2RpVnR3RjZNZVpsejlhCnY2dmFVdk9ic1JsNTI4YmRSQkVwNDZKcWVkTVdiRUFQNUNzcW9uMVVTSCswcjNHNTJOZG5hZDhCNVpkSk9vMmIKS3BlV2t2cDk0QmRnR1ozNi9ycUJLdXlCV3Blek5vbFhSaVQxcWowdThGWm5WL1JWaVRQS2E1TEp3UT09Ci0tLS0tRU5EIENFUlRJRklDQVRFLS0tLS0K\n    server: https://3c65cf8e-8a4d-45c5-8473-2de6a3d7b4db.k8s.ondigitalocean.com\n  name: do-sfo3-joinpenguin\ncontexts:\n- context:\n    cluster: do-sfo3-joinpenguin\n    user: do-sfo3-joinpenguin-admin\n  name: do-sfo3-joinpenguin\ncurrent-context: do-sfo3-joinpenguin\nusers:\n- name: do-sfo3-joinpenguin-admin\n  user:\n    token: 6c8ec5321e8fbc251940ff2bb2e3e9bc0bfa7616616f399cbf5013bba95cbdab\n",
                "token": "6c8ec5321e8fbc251940ff2bb2e3e9bc0bfa7616616f399cbf5013bba95cbdab"
              }
            ],
            "maintenance_policy": [
              {
                "day": "any",
                "duration": "4h0m0s",
                "start_time": "22:00"
              }
            ],
            "name": "joinpenguin",
            "node_pool": [
              {
                "actual_node_count": 1,
                "auto_scale": true,
                "id": "f1de6614-a008-44dc-bacb-0c4966687709",
                "labels": null,
                "max_nodes": 2,
                "min_nodes": 1,
                "name": "worker-pool",
                "node_count": 0,
                "nodes": [
                  {
                    "created_at": "2021-08-20 20:01:03 +0000 UTC",
                    "droplet_id": "260927647",
                    "id": "fdfa849f-834b-47d0-bd54-7ee3b657da08",
                    "name": "worker-pool-8i1u0",
                    "status": "running",
                    "updated_at": "2021-08-20 20:04:04 +0000 UTC"
                  }
                ],
                "size": "s-1vcpu-2gb",
                "tags": null,
                "taint": []
              }
            ],
            "region": "sfo3",
            "service_subnet": "10.245.0.0/16",
            "status": "running",
            "surge_upgrade": true,
            "tags": null,
            "timeouts": null,
            "updated_at": "2021-08-20 20:06:42 +0000 UTC",
            "urn": "do:kubernetes:3c65cf8e-8a4d-45c5-8473-2de6a3d7b4db",
            "version": "1.21.2-do.2",
            "vpc_uuid": "f0159006-fd20-4e57-8170-3149cfcbe810"
          },
          "sensitive_attributes": [],
          "private": "eyJlMmJmYjczMC1lY2FhLTExZTYtOGY4OC0zNDM2M2JjN2M0YzAiOnsiY3JlYXRlIjoxODAwMDAwMDAwMDAwfSwic2NoZW1hX3ZlcnNpb24iOiIzIn0="
        }
      ]
    },
    {
      "mode": "managed",
      "type": "digitalocean_project",
      "name": "penguin-rewards",
      "provider": "provider[\"registry.terraform.io/digitalocean/digitalocean\"]",
      "instances": [
        {
          "schema_version": 0,
          "attributes": {
            "created_at": "2021-08-20T19:12:39Z",
            "description": "joinpenguin.io",
            "environment": "Development",
            "id": "bd787d71-1360-41c0-b018-aca4882e8354",
            "is_default": false,
            "name": "Penguin Rewards",
            "owner_id": 6091830,
            "owner_uuid": "8d09622e1af837b356aed3b4037dfaa59ef909d8",
            "purpose": "Web Application",
            "resources": [
              "do:dbaas:f4aba69b-3961-4a79-8169-fcedaa2b2ff9",
              "do:kubernetes:d25b118e-f3ac-435b-8296-c3a21328de33"
            ],
            "updated_at": "2021-08-20T19:12:39Z"
          },
          "sensitive_attributes": [],
          "private": "bnVsbA==",
          "dependencies": [
            "digitalocean_database_cluster.postgres"
          ]
        }
      ]
    }
  ]
}
